# This file is automatically @generated by Cargo.
# It is not intended for manual editing.
version = 3

[[package]]
name = "bool_to_string"
version = "0.1.0"

[[package]]
name = "calculate_BMI"
version = "0.1.0"

[[package]]
name = "codewars"
version = "0.1.0"

[[package]]
name = "find_num"
version = "0.1.0"

[[package]]
name = "grade_book"
version = "0.1.0"

[[package]]
name = "in_love"
version = "0.1.0"

[[package]]
name = "min_max"
version = "0.1.0"

[[package]]
name = "remove_chars"
version = "0.1.0"

[[package]]
name = "remove_spaces"
version = "0.1.0"

[[package]]
name = "reverse"
version = "0.1.0"

[[package]]
name = "sum_list"
version = "0.1.0"

[[package]]
name = "volume_cuboid"
version = "0.1.0"
